// !$*UTF8*$!
{
	archiveVersion = 1;
	classes = {
	};
	objectVersion = 50;
	objects = {

/* Begin PBXBuildFile section */
		9B16503D23CCC20F00F696A3 /* NewPage.swift in Sources */ = {isa = PBXBuildFile; fileRef = 9B16503C23CCC20F00F696A3 /* NewPage.swift */; };
		9B49DE4023CCB91B000B228F /* AppDelegate.swift in Sources */ = {isa = PBXBuildFile; fileRef = 9B49DE3F23CCB91B000B228F /* AppDelegate.swift */; };
		9B49DE4223CCB91B000B228F /* SceneDelegate.swift in Sources */ = {isa = PBXBuildFile; fileRef = 9B49DE4123CCB91B000B228F /* SceneDelegate.swift */; };
		9B49DE4423CCB91B000B228F /* ViewController.swift in Sources */ = {isa = PBXBuildFile; fileRef = 9B49DE4323CCB91B000B228F /* ViewController.swift */; };
		9B49DE4723CCB91B000B228F /* Main.storyboard in Resources */ = {isa = PBXBuildFile; fileRef = 9B49DE4523CCB91B000B228F /* Main.storyboard */; };
		9B49DE4A23CCB91B000B228F /* MapDemo.xcdatamodeld in Sources */ = {isa = PBXBuildFile; fileRef = 9B49DE4823CCB91B000B228F /* MapDemo.xcdatamodeld */; };
		9B49DE4C23CCB91C000B228F /* Assets.xcassets in Resources */ = {isa = PBXBuildFile; fileRef = 9B49DE4B23CCB91C000B228F /* Assets.xcassets */; };
		9B49DE4F23CCB91C000B228F /* LaunchScreen.storyboard in Resources */ = {isa = PBXBuildFile; fileRef = 9B49DE4D23CCB91C000B228F /* LaunchScreen.storyboard */; };
		9BB50A8923CE20CE000D1673 /* Edit.swift in Sources */ = {isa = PBXBuildFile; fileRef = 9BB50A8823CE20CE000D1673 /* Edit.swift */; };
/* End PBXBuildFile section */

/* Begin PBXFileReference section */
		9B16503C23CCC20F00F696A3 /* NewPage.swift */ = {isa = PBXFileReference; lastKnownFileType = sourcecode.swift; path = NewPage.swift; sourceTree = "<group>"; };
		9B49DE3C23CCB91B000B228F /* MapDemo.app */ = {isa = PBXFileReference; explicitFileType = wrapper.application; includeInIndex = 0; path = MapDemo.app; sourceTree = BUILT_PRODUCTS_DIR; };
		9B49DE3F23CCB91B000B228F /* AppDelegate.swift */ = {isa = PBXFileReference; lastKnownFileType = sourcecode.swift; path = AppDelegate.swift; sourceTree = "<group>"; };
		9B49DE4123CCB91B000B228F /* SceneDelegate.swift */ = {isa = PBXFileReference; lastKnownFileType = sourcecode.swift; path = SceneDelegate.swift; sourceTree = "<group>"; };
		9B49DE4323CCB91B000B228F /* ViewController.swift */ = {isa = PBXFileReference; lastKnownFileType = sourcecode.swift; path = ViewController.swift; sourceTree = "<group>"; };
		9B49DE4623CCB91B000B228F /* Base */ = {isa = PBXFileReference; lastKnownFileType = file.storyboard; name = Base; path = Base.lproj/Main.storyboard; sourceTree = "<group>"; };
		9B49DE4923CCB91B000B228F /* MapDemo.xcdatamodel */ = {isa = PBXFileReference; lastKnownFileType = wrapper.xcdatamodel; path = MapDemo.xcdatamodel; sourceTree = "<group>"; };
		9B49DE4B23CCB91C000B228F /* Assets.xcassets */ = {isa = PBXFileReference; lastKnownFileType = folder.assetcatalog; path = Assets.xcassets; sourceTree = "<group>"; };
		9B49DE4E23CCB91C000B228F /* Base */ = {isa = PBXFileReference; lastKnownFileType = file.storyboard; name = Base; path = Base.lproj/LaunchScreen.storyboard; sourceTree = "<group>"; };
		9B49DE5023CCB91C000B228F /* Info.plist */ = {isa = PBXFileReference; lastKnownFileType = text.plist.xml; path = Info.plist; sourceTree = "<group>"; };
		9BB50A8823CE20CE000D1673 /* Edit.swift */ = {isa = PBXFileReference; lastKnownFileType = sourcecode.swift; path = Edit.swift; sourceTree = "<group>"; };
/* End PBXFileReference section */

/* Begin PBXFrameworksBuildPhase section */
		9B49DE3923CCB91B000B228F /* Frameworks */ = {
			isa = PBXFrameworksBuildPhase;
			buildActionMask = 2147483647;
			files = (
			);
			runOnlyForDeploymentPostprocessing = 0;
		};
/* End PBXFrameworksBuildPhase section */

/* Begin PBXGroup section */
		9B49DE3323CCB91B000B228F = {
			isa = PBXGroup;
			children = (
				9B49DE3E23CCB91B000B228F /* MapDemo */,
				9B49DE3D23CCB91B000B228F /* Products */,
			);
			sourceTree = "<group>";
		};
		9B49DE3D23CCB91B000B228F /* Products */ = {
			isa = PBXGroup;
			children = (
				9B49DE3C23CCB91B000B228F /* MapDemo.app */,
			);
			name = Products;
			sourceTree = "<group>";
		};
		9B49DE3E23CCB91B000B228F /* MapDemo */ = {
			isa = PBXGroup;
			children = (
				9B49DE3F23CCB91B000B228F /* AppDelegate.swift */,
				9B49DE4123CCB91B000B228F /* SceneDelegate.swift */,
				9B49DE4323CCB91B000B228F /* ViewController.swift */,
				9B49DE4523CCB91B000B228F /* Main.storyboard */,
				9B49DE4B23CCB91C000B228F /* Assets.xcassets */,
				9B49DE4D23CCB91C000B228F /* LaunchScreen.storyboard */,
				9B49DE5023CCB91C000B228F /* Info.plist */,
				9B49DE4823CCB91B000B228F /* MapDemo.xcdatamodeld */,
				9B16503C23CCC20F00F696A3 /* NewPage.swift */,
				9BB50A8823CE20CE000D1673 /* Edit.swift */,
			);
			path = MapDemo;
			sourceTree = "<group>";
		};
/* End PBXGroup section */

/* Begin PBXNativeTarget section */
		9B49DE3B23CCB91B000B228F /* MapDemo */ = {
			isa = PBXNativeTarget;
			buildConfigurationList = 9B49DE5323CCB91C000B228F /* Build configuration list for PBXNativeTarget "MapDemo" */;
			buildPhases = (
				9B49DE3823CCB91B000B228F /* Sources */,
				9B49DE3923CCB91B000B228F /* Frameworks */,
				9B49DE3A23CCB91B000B228F /* Resources */,
			);
			buildRules = (
			);
			dependencies = (
			);
			name = MapDemo;
			productName = MapDemo;
			productReference = 9B49DE3C23CCB91B000B228F /* MapDemo.app */;
			productType = "com.apple.product-type.application";
		};
/* End PBXNativeTarget section */

/* Begin PBXProject section */
		9B49DE3423CCB91B000B228F /* Project object */ = {
			isa = PBXProject;
			attributes = {
				LastSwiftUpdateCheck = 1130;
				LastUpgradeCheck = 1130;
				ORGANIZATIONNAME = MacStudent;
				TargetAttributes = {
					9B49DE3B23CCB91B000B228F = {
						CreatedOnToolsVersion = 11.3;
					};
				};
			};
			buildConfigurationList = 9B49DE3723CCB91B000B228F /* Build configuration list for PBXProject "MapDemo" */;
			compatibilityVersion = "Xcode 9.3";
			developmentRegion = en;
			hasScannedForEncodings = 0;
			knownRegions = (
				en,
				Base,
			);
			mainGroup = 9B49DE3323CCB91B000B228F;
			productRefGroup = 9B49DE3D23CCB91B000B228F /* Products */;
			projectDirPath = "";
			projectRoot = "";
			targets = (
				9B49DE3B23CCB91B000B228F /* MapDemo */,
			);
		};
/* End PBXProject section */

/* Begin PBXResourcesBuildPhase section */
		9B49DE3A23CCB91B000B228F /* Resources */ = {
			isa = PBXResourcesBuildPhase;
			buildActionMask = 2147483647;
			files = (
				9B49DE4F23CCB91C000B228F /* LaunchScreen.storyboard in Resources */,
				9B49DE4C23CCB91C000B228F /* Assets.xcassets in Resources */,
				9B49DE4723CCB91B000B228F /* Main.storyboard in Resources */,
			);
			runOnlyForDeploymentPostprocessing = 0;
		};
/* End PBXResourcesBuildPhase section */

/* Begin PBXSourcesBuildPhase section */
		9B49DE3823CCB91B000B228F /* Sources */ = {
			isa = PBXSourcesBuildPhase;
			buildActionMask = 2147483647;
			files = (
				9B49DE4423CCB91B000B228F /* ViewController.swift in Sources */,
				9B49DE4023CCB91B000B228F /* AppDelegate.swift in Sources */,
				9B49DE4223CCB91B000B228F /* SceneDelegate.swift in Sources */,
				9B49DE4A23CCB91B000B228F /* MapDemo.xcdatamodeld in Sources */,
				9B16503D23CCC20F00F696A3 /* NewPage.swift in Sources */,
				9BB50A8923CE20CE000D1673 /* Edit.swift in Sources */,
			);
			runOnlyForDeploymentPostprocessing = 0;
		};
/* End PBXSourcesBuildPhase section */

/* Begin PBXVariantGroup section */
		9B49DE4523CCB91B000B228F /* Main.storyboard */ = {
			isa = PBXVariantGroup;
			children = (
				9B49DE4623CCB91B000B228F /* Base */,
			);
			name = Main.storyboard;
			sourceTree = "<group>";
		};
		9B49DE4D23CCB91C000B228F /* LaunchScreen.storyboard */ = {
			isa = PBXVariantGroup;
			children = (
				9B49DE4E23CCB91C000B228F /* Base */,
			);
			name = LaunchScreen.storyboard;
			sourceTree = "<group>";
		};
/* End PBXVariantGroup section */

/* Begin XCBuildConfiguration section */
		9B49DE5123CCB91C000B228F /* Debug */ = {
			isa = XCBuildConfiguration;
			buildSettings = {
				ALWAYS_SEARCH_USER_PATHS = NO;
				CLANG_ANALYZER_NONNULL = YES;
				CLANG_ANALYZER_NUMBER_OBJECT_CONVERSION = YES_AGGRESSIVE;
				CLANG_CXX_LANGUAGE_STANDARD = "gnu++14";
				CLANG_CXX_LIBRARY = "libc++";
				CLANG_ENABLE_MODULES = YES;
				CLANG_ENABLE_OBJC_ARC = YES;
				CLANG_ENABLE_OBJC_WEAK = YES;
				CLANG_WARN_BLOCK_CAPTURE_AUTORELEASING = YES;
				CLANG_WARN_BOOL_CONVERSION = YES;
				CLANG_WARN_COMMA = YES;
				CLANG_WARN_CONSTANT_CONVERSION = YES;
				CLANG_WARN_DEPRECATED_OBJC_IMPLEMENTATIONS = YES;
				CLANG_WARN_DIRECT_OBJC_ISA_USAGE = YES_ERROR;
				CLANG_WARN_DOCUMENTATION_COMMENTS = YES;
				CLANG_WARN_EMPTY_BODY = YES;
				CLANG_WARN_ENUM_CONVERSION = YES;
				CLANG_WARN_INFINITE_RECURSION = YES;
				CLANG_WARN_INT_CONVERSION = YES;
				CLANG_WARN_NON_LITERAL_NULL_CONVERSION = YES;
				CLANG_WARN_OBJC_IMPLICIT_RETAIN_SELF = YES;
				CLANG_WARN_OBJC_LITERAL_CONVERSION = YES;
				CLANG_WARN_OBJC_ROOT_CLASS = YES_ERROR;
				CLANG_WARN_RANGE_LOOP_ANALYSIS = YES;
				CLANG_WARN_STRICT_PROTOTYPES = YES;
				CLANG_WARN_SUSPICIOUS_MOVE = YES;
				CLANG_WARN_UNGUARDED_AVAILABILITY = YES_AGGRESSIVE;
				CLANG_WARN_UNREACHABLE_CODE = YES;
				CLANG_WARN__DUPLICATE_METHOD_MATCH = YES;
				COPY_PHASE_STRIP = NO;
				DEBUG_INFORMATION_FORMAT = dwarf;
				ENABLE_STRICT_OBJC_MSGSEND = YES;
				ENABLE_TESTABILITY = YES;
				GCC_C_LANGUAGE_STANDARD = gnu11;
				GCC_DYNAMIC_NO_PIC = NO;
				GCC_NO_COMMON_BLOCKS = YES;
				GCC_OPTIMIZATION_LEVEL = 0;
				GCC_PREPROCESSOR_DEFINITIONS = (
					"DEBUG=1",
					"$(inherited)",
				);
				GCC_WARN_64_TO_32_BIT_CONVERSION = YES;
				GCC_WARN_ABOUT_RETURN_TYPE = YES_ERROR;
				GCC_WARN_UNDECLARED_SELECTOR = YES;
				GCC_WARN_UNINITIALIZED_AUTOS = YES_AGGRESSIVE;
				GCC_WARN_UNUSED_FUNCTION = YES;
				GCC_WARN_UNUSED_VARIABLE = YES;
				IPHONEOS_DEPLOYMENT_TARGET = 13.2;
				MTL_ENABLE_DEBUG_INFO = INCLUDE_SOURCE;
				MTL_FAST_MATH = YES;
				ONLY_ACTIVE_ARCH = YES;
				SDKROOT = iphoneos;
				SWIFT_ACTIVE_COMPILATION_CONDITIONS = DEBUG;
				SWIFT_OPTIMIZATION_LEVEL = "-Onone";
			};
			name = Debug;
		};
		9B49DE5223CCB91C000B228F /* Release */ = {
			isa = XCBuildConfiguration;
			buildSettings = {
				ALWAYS_SEARCH_USER_PATHS = NO;
				CLANG_ANALYZER_NONNULL = YES;
				CLANG_ANALYZER_NUMBER_OBJECT_CONVERSION = YES_AGGRESSIVE;
				CLANG_CXX_LANGUAGE_STANDARD = "gnu++14";
				CLANG_CXX_LIBRARY = "libc++";
				CLANG_ENABLE_MODULES = YES;
				CLANG_ENABLE_OBJC_ARC = YES;
				CLANG_ENABLE_OBJC_WEAK = YES;
				CLANG_WARN_BLOCK_CAPTURE_AUTORELEASING = YES;
				CLANG_WARN_BOOL_CONVERSION = YES;
				CLANG_WARN_COMMA = YES;
				CLANG_WARN_CONSTANT_CONVERSION = YES;
				CLANG_WARN_DEPRECATED_OBJC_IMPLEMENTATIONS = YES;
				CLANG_WARN_DIRECT_OBJC_ISA_USAGE = YES_ERROR;
				CLANG_WARN_DOCUMENTATION_COMMENTS = YES;
				CLANG_WARN_EMPTY_BODY = YES;
				CLANG_WARN_ENUM_CONVERSION = YES;
				CLANG_WARN_INFINITE_RECURSION = YES;
				CLANG_WARN_INT_CONVERSION = YES;
				CLANG_WARN_NON_LITERAL_NULL_CONVERSION = YES;
				CLANG_WARN_OBJC_IMPLICIT_RETAIN_SELF = YES;
				CLANG_WARN_OBJC_LITERAL_CONVERSION = YES;
				CLANG_WARN_OBJC_ROOT_CLASS = YES_ERROR;
				CLANG_WARN_RANGE_LOOP_ANALYSIS = YES;
				CLANG_WARN_STRICT_PROTOTYPES = YES;
				CLANG_WARN_SUSPICIOUS_MOVE = YES;
				CLANG_WARN_UNGUARDED_AVAILABILITY = YES_AGGRESSIVE;
				CLANG_WARN_UNREACHABLE_CODE = YES;
				CLANG_WARN__DUPLICATE_METHOD_MATCH = YES;
				COPY_PHASE_STRIP = NO;
				DEBUG_INFORMATION_FORMAT = "dwarf-with-dsym";
				ENABLE_NS_ASSERTIONS = NO;
				ENABLE_STRICT_OBJC_MSGSEND = YES;
				GCC_C_LANGUAGE_STANDARD = gnu11;
				GCC_NO_COMMON_BLOCKS = YES;
				GCC_WARN_64_TO_32_BIT_CONVERSION = YES;
				GCC_WARN_ABOUT_RETURN_TYPE = YES_ERROR;
				GCC_WARN_UNDECLARED_SELECTOR = YES;
				GCC_WARN_UNINITIALIZED_AUTOS = YES_AGGRESSIVE;
				GCC_WARN_UNUSED_FUNCTION = YES;
				GCC_WARN_UNUSED_VARIABLE = YES;
				IPHONEOS_DEPLOYMENT_TARGET = 13.2;
				MTL_ENABLE_DEBUG_INFO = NO;
				MTL_FAST_MATH = YES;
				SDKROOT = iphoneos;
				SWIFT_COMPILATION_MODE = wholemodule;
				SWIFT_OPTIMIZATION_LEVEL = "-O";
				VALIDATE_PRODUCT = YES;
			};
			name = Release;
		};
		9B49DE5423CCB91C000B228F /* Debug */ = {
			isa = XCBuildConfiguration;
			buildSettings = {
				ASSETCATALOG_COMPILER_APPICON_NAME = AppIcon;
				CODE_SIGN_STYLE = Automatic;
				INFOPLIST_FILE = MapDemo/Info.plist;
				LD_RUNPATH_SEARCH_PATHS = (
					"$(inherited)",
					"@executable_path/Frameworks",
				);
				PRODUCT_BUNDLE_IDENTIFIER = CestarCollege.MapDemo;
				PRODUCT_NAME = "$(TARGET_NAME)";
				SWIFT_VERSION = 5.0;
				TARGETED_DEVICE_FAMILY = "1,2";
			};
			name = Debug;
		};
		9B49DE5523CCB91C000B228F /* Release */ = {
			isa = XCBuildConfiguration;
			buildSettings = {
				ASSETCATALOG_COMPILER_APPICON_NAME = AppIcon;
				CODE_SIGN_STYLE = Automatic;
				INFOPLIST_FILE = MapDemo/Info.plist;
				LD_RUNPATH_SEARCH_PATHS = (
					"$(inherited)",
					"@executable_path/Frameworks",
				);
				PRODUCT_BUNDLE_IDENTIFIER = CestarCollege.MapDemo;
				PRODUCT_NAME = "$(TARGET_NAME)";
				SWIFT_VERSION = 5.0;
				TARGETED_DEVICE_FAMILY = "1,2";
			};
			name = Release;
		};
/* End XCBuildConfiguration section */

/* Begin XCConfigurationList section */
		9B49DE3723CCB91B000B228F /* Build configuration list for PBXProject "MapDemo" */ = {
			isa = XCConfigurationList;
			buildConfigurations = (
				9B49DE5123CCB91C000B228F /* Debug */,
				9B49DE5223CCB91C000B228F /* Release */,
			);
			defaultConfigurationIsVisible = 0;
			defaultConfigurationName = Release;
		};
		9B49DE5323CCB91C000B228F /* Build configuration list for PBXNativeTarget "MapDemo" */ = {
			isa = XCConfigurationList;
			buildConfigurations = (
				9B49DE5423CCB91C000B228F /* Debug */,
				9B49DE5523CCB91C000B228F /* Release */,
			);
			defaultConfigurationIsVisible = 0;
			defaultConfigurationName = Release;
		};
/* End XCConfigurationList section */

/* Begin XCVersionGroup section */
		9B49DE4823CCB91B000B228F /* MapDemo.xcdatamodeld */ = {
			isa = XCVersionGroup;
			children = (
				9B49DE4923CCB91B000B228F /* MapDemo.xcdatamodel */,
			);
			currentVersion = 9B49DE4923CCB91B000B228F /* MapDemo.xcdatamodel */;
			path = MapDemo.xcdatamodeld;
			sourceTree = "<group>";
			versionGroupType = wrapper.xcdatamodel;
		};
/* End XCVersionGroup section */
	};
	rootObject = 9B49DE3423CCB91B000B228F /* Project object */;
}
